
Microsoft Visual Studio Solution File, Format Version 12.00
# Visual Studio 15
VisualStudioVersion = 15.0.28307.489
MinimumVisualStudioVersion = 10.0.40219.1
Project("{8BC9CEB8-8B4A-11D0-8D11-00A0C91BC942}") = "BJXTGU-NHF", "BJXTGU-NHF\BJXTGU-NHF.vcxproj", "{8EA3F304-AD5E-405A-9888-79731A9FC59B}"
EndProject
Global
	GlobalSection(SolutionConfigurationPlatforms) = preSolution
		Debug|x64 = Debug|x64
		Debug|x86 = Debug|x86
		Release|x64 = Release|x64
		Release|x86 = Release|x86
	EndGlobalSection
	GlobalSection(ProjectConfigurationPlatforms) = postSolution
		{8EA3F304-AD5E-405A-9888-79731A9FC59B}.Debug|x64.ActiveCfg = Debug|x64
		{8EA3F304-AD5E-405A-9888-79731A9FC59B}.Debug|x64.Build.0 = Debug|x64
		{8EA3F304-AD5E-405A-9888-79731A9FC59B}.Debug|x86.ActiveCfg = Debug|Win32
		{8EA3F304-AD5E-405A-9888-79731A9FC59B}.Debug|x86.Build.0 = Debug|Win32
		{8EA3F304-AD5E-405A-9888-79731A9FC59B}.Release|x64.ActiveCfg = Release|x64
		{8EA3F304-AD5E-405A-9888-79731A9FC59B}.Release|x64.Build.0 = Release|x64
		{8EA3F304-AD5E-405A-9888-79731A9FC59B}.Release|x86.ActiveCfg = Release|Win32
		{8EA3F304-AD5E-405A-9888-79731A9FC59B}.Release|x86.Build.0 = Release|Win32
	EndGlobalSection
	GlobalSection(SolutionProperties) = preSolution
		HideSolutionNode = FALSE
	EndGlobalSection
	GlobalSection(ExtensibilityGlobals) = postSolution
		SolutionGuid = {75299271-CA07-4BD2-B3A8-EEFC6F0041CB}
	EndGlobalSection
EndGlobal
